
Microsoft Visual Studio Solution File, Format Version 12.00
# Visual Studio Version 16
VisualStudioVersion = 16.0.31410.357
MinimumVisualStudioVersion = 10.0.40219.1
Project("{E24C65DC-7377-472B-9ABA-BC803B73C61A}") = "Que-Care V.2", "Que-Care V.2\", "{288750B7-BFBE-4C3E-B2EE-148FD988F1E1}"
	ProjectSection(WebsiteProperties) = preProject
		TargetFrameworkMoniker = ".NETFramework,Version%3Dv4.7.2"
		Debug.AspNetCompiler.VirtualPath = "/localhost_61719"
		Debug.AspNetCompiler.PhysicalPath = "Que-Care V.2\"
		Debug.AspNetCompiler.TargetPath = "PrecompiledWeb\localhost_61719\"
		Debug.AspNetCompiler.Updateable = "true"
		Debug.AspNetCompiler.ForceOverwrite = "true"
		Debug.AspNetCompiler.FixedNames = "false"
		Debug.AspNetCompiler.Debug = "True"
		Release.AspNetCompiler.VirtualPath = "/localhost_61719"
		Release.AspNetCompiler.PhysicalPath = "Que-Care V.2\"
		Release.AspNetCompiler.TargetPath = "PrecompiledWeb\localhost_61719\"
		Release.AspNetCompiler.Updateable = "true"
		Release.AspNetCompiler.ForceOverwrite = "true"
		Release.AspNetCompiler.FixedNames = "false"
		Release.AspNetCompiler.Debug = "False"
		VWDPort = "61719"
		SlnRelativePath = "Que-Care V.2\"
		DefaultWebSiteLanguage = "Visual C#"
	EndProjectSection
EndProject
Global
	GlobalSection(SolutionConfigurationPlatforms) = preSolution
		Debug|Any CPU = Debug|Any CPU
	EndGlobalSection
	GlobalSection(ProjectConfigurationPlatforms) = postSolution
		{288750B7-BFBE-4C3E-B2EE-148FD988F1E1}.Debug|Any CPU.ActiveCfg = Debug|Any CPU
		{288750B7-BFBE-4C3E-B2EE-148FD988F1E1}.Debug|Any CPU.Build.0 = Debug|Any CPU
	EndGlobalSection
	GlobalSection(SolutionProperties) = preSolution
		HideSolutionNode = FALSE
	EndGlobalSection
	GlobalSection(ExtensibilityGlobals) = postSolution
		SolutionGuid = {F9DA85F1-F4C9-4DDE-B676-A2559B250ECF}
	EndGlobalSection
EndGlobal
